// !$*UTF8*$!
{
	archiveVersion = 1;
	classes = {
	};
	objectVersion = 56;
	objects = {

/* Begin PBXBuildFile section */
		7853FD762C3EC7D500956529 /* App641App.swift in Sources */ = {isa = PBXBuildFile; fileRef = 7853FD752C3EC7D500956529 /* App641App.swift */; };
		7853FD782C3EC7D500956529 /* ContentView.swift in Sources */ = {isa = PBXBuildFile; fileRef = 7853FD772C3EC7D500956529 /* ContentView.swift */; };
		7853FD7A2C3EC7D600956529 /* Assets.xcassets in Resources */ = {isa = PBXBuildFile; fileRef = 7853FD792C3EC7D600956529 /* Assets.xcassets */; };
		7853FD7E2C3EC7D600956529 /* Preview Assets.xcassets in Resources */ = {isa = PBXBuildFile; fileRef = 7853FD7D2C3EC7D600956529 /* Preview Assets.xcassets */; };
		7853FD8E2C3ECA0E00956529 /* Launch Screen.storyboard in Resources */ = {isa = PBXBuildFile; fileRef = 7853FD8D2C3ECA0E00956529 /* Launch Screen.storyboard */; };
		7853FD902C3ECA4700956529 /* LoadingView.swift in Sources */ = {isa = PBXBuildFile; fileRef = 7853FD8F2C3ECA4700956529 /* LoadingView.swift */; };
		7853FD922C3ECA4D00956529 /* R1.swift in Sources */ = {isa = PBXBuildFile; fileRef = 7853FD912C3ECA4D00956529 /* R1.swift */; };
		7853FD942C3ECA5200956529 /* R2.swift in Sources */ = {isa = PBXBuildFile; fileRef = 7853FD932C3ECA5200956529 /* R2.swift */; };
		7853FD962C3ECA5700956529 /* U1.swift in Sources */ = {isa = PBXBuildFile; fileRef = 7853FD952C3ECA5700956529 /* U1.swift */; };
		7853FD982C3ECA5D00956529 /* Reviews.swift in Sources */ = {isa = PBXBuildFile; fileRef = 7853FD972C3ECA5D00956529 /* Reviews.swift */; };
		7853FD9A2C3ECA6600956529 /* Not.swift in Sources */ = {isa = PBXBuildFile; fileRef = 7853FD992C3ECA6600956529 /* Not.swift */; };
		7853FD9E2C3ECE2200956529 /* TabBar.swift in Sources */ = {isa = PBXBuildFile; fileRef = 7853FD9D2C3ECE2200956529 /* TabBar.swift */; };
		7853FDA02C3ECE2900956529 /* CoreDataStack.swift in Sources */ = {isa = PBXBuildFile; fileRef = 7853FD9F2C3ECE2900956529 /* CoreDataStack.swift */; };
		7853FDA22C3ECE4100956529 /* Array.swift in Sources */ = {isa = PBXBuildFile; fileRef = 7853FDA12C3ECE4100956529 /* Array.swift */; };
		7853FDA72C3ECE6600956529 /* EntryView.swift in Sources */ = {isa = PBXBuildFile; fileRef = 7853FDA62C3ECE6600956529 /* EntryView.swift */; };
		7853FDAB2C3ECE7600956529 /* CollectionsView.swift in Sources */ = {isa = PBXBuildFile; fileRef = 7853FDAA2C3ECE7600956529 /* CollectionsView.swift */; };
		7853FDAD2C3ECE7F00956529 /* CollectionsViewModel.swift in Sources */ = {isa = PBXBuildFile; fileRef = 7853FDAC2C3ECE7F00956529 /* CollectionsViewModel.swift */; };
		7853FDAF2C3ECE8800956529 /* SettingsView.swift in Sources */ = {isa = PBXBuildFile; fileRef = 7853FDAE2C3ECE8800956529 /* SettingsView.swift */; };
		7853FDB22C3ECF3C00956529 /* CoreModel.xcdatamodeld in Sources */ = {isa = PBXBuildFile; fileRef = 7853FDB02C3ECF3C00956529 /* CoreModel.xcdatamodeld */; };
		7853FDB52C3ED33400956529 /* AddCollection.swift in Sources */ = {isa = PBXBuildFile; fileRef = 7853FDB42C3ED33400956529 /* AddCollection.swift */; };
		7853FDEC2C403CA600956529 /* CollDetail.swift in Sources */ = {isa = PBXBuildFile; fileRef = 7853FDEB2C403CA600956529 /* CollDetail.swift */; };
		78B38E002C49672400DD1121 /* s1.swift in Sources */ = {isa = PBXBuildFile; fileRef = 78B38DFF2C49672400DD1121 /* s1.swift */; };
		78B38E022C49672C00DD1121 /* w1.swift in Sources */ = {isa = PBXBuildFile; fileRef = 78B38E012C49672C00DD1121 /* w1.swift */; };
		78B38E042C49673200DD1121 /* d1.swift in Sources */ = {isa = PBXBuildFile; fileRef = 78B38E032C49673200DD1121 /* d1.swift */; };
		78B38E072C4967C200DD1121 /* YandexMobileMetrica in Frameworks */ = {isa = PBXBuildFile; productRef = 78B38E062C4967C200DD1121 /* YandexMobileMetrica */; };
		78B38E092C4967C200DD1121 /* YandexMobileMetricaCrashes in Frameworks */ = {isa = PBXBuildFile; productRef = 78B38E082C4967C200DD1121 /* YandexMobileMetricaCrashes */; };
		78B38E0C2C4967DA00DD1121 /* ApphudSDK in Frameworks */ = {isa = PBXBuildFile; productRef = 78B38E0B2C4967DA00DD1121 /* ApphudSDK */; };
/* End PBXBuildFile section */

/* Begin PBXFileReference section */
		7853FD722C3EC7D500956529 /* App641.app */ = {isa = PBXFileReference; explicitFileType = wrapper.application; includeInIndex = 0; path = App641.app; sourceTree = BUILT_PRODUCTS_DIR; };
		7853FD752C3EC7D500956529 /* App641App.swift */ = {isa = PBXFileReference; lastKnownFileType = sourcecode.swift; path = App641App.swift; sourceTree = "<group>"; };
		7853FD772C3EC7D500956529 /* ContentView.swift */ = {isa = PBXFileReference; lastKnownFileType = sourcecode.swift; path = ContentView.swift; sourceTree = "<group>"; };
		7853FD792C3EC7D600956529 /* Assets.xcassets */ = {isa = PBXFileReference; lastKnownFileType = folder.assetcatalog; path = Assets.xcassets; sourceTree = "<group>"; };
		7853FD7B2C3EC7D600956529 /* App641.entitlements */ = {isa = PBXFileReference; lastKnownFileType = text.plist.entitlements; path = App641.entitlements; sourceTree = "<group>"; };
		7853FD7D2C3EC7D600956529 /* Preview Assets.xcassets */ = {isa = PBXFileReference; lastKnownFileType = folder.assetcatalog; path = "Preview Assets.xcassets"; sourceTree = "<group>"; };
		7853FD8D2C3ECA0E00956529 /* Launch Screen.storyboard */ = {isa = PBXFileReference; lastKnownFileType = file.storyboard; path = "Launch Screen.storyboard"; sourceTree = "<group>"; };
		7853FD8F2C3ECA4700956529 /* LoadingView.swift */ = {isa = PBXFileReference; lastKnownFileType = sourcecode.swift; path = LoadingView.swift; sourceTree = "<group>"; };
		7853FD912C3ECA4D00956529 /* R1.swift */ = {isa = PBXFileReference; lastKnownFileType = sourcecode.swift; path = R1.swift; sourceTree = "<group>"; };
		7853FD932C3ECA5200956529 /* R2.swift */ = {isa = PBXFileReference; lastKnownFileType = sourcecode.swift; path = R2.swift; sourceTree = "<group>"; };
		7853FD952C3ECA5700956529 /* U1.swift */ = {isa = PBXFileReference; lastKnownFileType = sourcecode.swift; path = U1.swift; sourceTree = "<group>"; };
		7853FD972C3ECA5D00956529 /* Reviews.swift */ = {isa = PBXFileReference; lastKnownFileType = sourcecode.swift; path = Reviews.swift; sourceTree = "<group>"; };
		7853FD992C3ECA6600956529 /* Not.swift */ = {isa = PBXFileReference; lastKnownFileType = sourcecode.swift; path = Not.swift; sourceTree = "<group>"; };
		7853FD9D2C3ECE2200956529 /* TabBar.swift */ = {isa = PBXFileReference; lastKnownFileType = sourcecode.swift; path = TabBar.swift; sourceTree = "<group>"; };
		7853FD9F2C3ECE2900956529 /* CoreDataStack.swift */ = {isa = PBXFileReference; lastKnownFileType = sourcecode.swift; path = CoreDataStack.swift; sourceTree = "<group>"; };
		7853FDA12C3ECE4100956529 /* Array.swift */ = {isa = PBXFileReference; lastKnownFileType = sourcecode.swift; path = Array.swift; sourceTree = "<group>"; };
		7853FDA62C3ECE6600956529 /* EntryView.swift */ = {isa = PBXFileReference; lastKnownFileType = sourcecode.swift; path = EntryView.swift; sourceTree = "<group>"; };
		7853FDAA2C3ECE7600956529 /* CollectionsView.swift */ = {isa = PBXFileReference; lastKnownFileType = sourcecode.swift; path = CollectionsView.swift; sourceTree = "<group>"; };
		7853FDAC2C3ECE7F00956529 /* CollectionsViewModel.swift */ = {isa = PBXFileReference; lastKnownFileType = sourcecode.swift; path = CollectionsViewModel.swift; sourceTree = "<group>"; };
		7853FDAE2C3ECE8800956529 /* SettingsView.swift */ = {isa = PBXFileReference; lastKnownFileType = sourcecode.swift; path = SettingsView.swift; sourceTree = "<group>"; };
		7853FDB12C3ECF3C00956529 /* CoreModel.xcdatamodel */ = {isa = PBXFileReference; lastKnownFileType = wrapper.xcdatamodel; path = CoreModel.xcdatamodel; sourceTree = "<group>"; };
		7853FDB42C3ED33400956529 /* AddCollection.swift */ = {isa = PBXFileReference; lastKnownFileType = sourcecode.swift; path = AddCollection.swift; sourceTree = "<group>"; };
		7853FDEB2C403CA600956529 /* CollDetail.swift */ = {isa = PBXFileReference; lastKnownFileType = sourcecode.swift; path = CollDetail.swift; sourceTree = "<group>"; };
		78B38DFF2C49672400DD1121 /* s1.swift */ = {isa = PBXFileReference; lastKnownFileType = sourcecode.swift; path = s1.swift; sourceTree = "<group>"; };
		78B38E012C49672C00DD1121 /* w1.swift */ = {isa = PBXFileReference; lastKnownFileType = sourcecode.swift; path = w1.swift; sourceTree = "<group>"; };
		78B38E032C49673200DD1121 /* d1.swift */ = {isa = PBXFileReference; lastKnownFileType = sourcecode.swift; path = d1.swift; sourceTree = "<group>"; };
/* End PBXFileReference section */

/* Begin PBXFrameworksBuildPhase section */
		7853FD6F2C3EC7D500956529 /* Frameworks */ = {
			isa = PBXFrameworksBuildPhase;
			buildActionMask = 2147483647;
			files = (
				78B38E0C2C4967DA00DD1121 /* ApphudSDK in Frameworks */,
				78B38E072C4967C200DD1121 /* YandexMobileMetrica in Frameworks */,
				78B38E092C4967C200DD1121 /* YandexMobileMetricaCrashes in Frameworks */,
			);
			runOnlyForDeploymentPostprocessing = 0;
		};
/* End PBXFrameworksBuildPhase section */

/* Begin PBXGroup section */
		7853FD692C3EC7D500956529 = {
			isa = PBXGroup;
			children = (
				7853FD742C3EC7D500956529 /* App641 */,
				7853FD732C3EC7D500956529 /* Products */,
			);
			sourceTree = "<group>";
		};
		7853FD732C3EC7D500956529 /* Products */ = {
			isa = PBXGroup;
			children = (
				7853FD722C3EC7D500956529 /* App641.app */,
			);
			name = Products;
			sourceTree = "<group>";
		};
		7853FD742C3EC7D500956529 /* App641 */ = {
			isa = PBXGroup;
			children = (
				7853FD842C3EC9BA00956529 /* AllFiles */,
				7853FD752C3EC7D500956529 /* App641App.swift */,
				7853FD772C3EC7D500956529 /* ContentView.swift */,
				7853FD792C3EC7D600956529 /* Assets.xcassets */,
				7853FD7B2C3EC7D600956529 /* App641.entitlements */,
				7853FD7C2C3EC7D600956529 /* Preview Content */,
			);
			path = App641;
			sourceTree = "<group>";
		};
		7853FD7C2C3EC7D600956529 /* Preview Content */ = {
			isa = PBXGroup;
			children = (
				7853FD7D2C3EC7D600956529 /* Preview Assets.xcassets */,
			);
			path = "Preview Content";
			sourceTree = "<group>";
		};
		7853FD842C3EC9BA00956529 /* AllFiles */ = {
			isa = PBXGroup;
			children = (
				7853FD882C3EC9D700956529 /* Start */,
				7853FD872C3EC9D200956529 /* TabBar */,
				7853FD862C3EC9C400956529 /* Extensions */,
				7853FD852C3EC9BF00956529 /* Views */,
			);
			path = AllFiles;
			sourceTree = "<group>";
		};
		7853FD852C3EC9BF00956529 /* Views */ = {
			isa = PBXGroup;
			children = (
				7853FDA52C3ECE5800956529 /* Settings */,
				7853FDA42C3ECE4D00956529 /* Collections */,
				7853FDA32C3ECE4600956529 /* Entries */,
			);
			path = Views;
			sourceTree = "<group>";
		};
		7853FD862C3EC9C400956529 /* Extensions */ = {
			isa = PBXGroup;
			children = (
				7853FD9F2C3ECE2900956529 /* CoreDataStack.swift */,
				7853FDA12C3ECE4100956529 /* Array.swift */,
				7853FDB02C3ECF3C00956529 /* CoreModel.xcdatamodeld */,
				78B38DFF2C49672400DD1121 /* s1.swift */,
				78B38E012C49672C00DD1121 /* w1.swift */,
				78B38E032C49673200DD1121 /* d1.swift */,
			);
			path = Extensions;
			sourceTree = "<group>";
		};
		7853FD872C3EC9D200956529 /* TabBar */ = {
			isa = PBXGroup;
			children = (
				7853FD9D2C3ECE2200956529 /* TabBar.swift */,
			);
			path = TabBar;
			sourceTree = "<group>";
		};
		7853FD882C3EC9D700956529 /* Start */ = {
			isa = PBXGroup;
			children = (
				7853FD8C2C3EC9EE00956529 /* R */,
				7853FD8B2C3EC9EA00956529 /* U */,
				7853FD8A2C3EC9E500956529 /* Loading */,
				7853FD892C3EC9E100956529 /* Launch */,
			);
			path = Start;
			sourceTree = "<group>";
		};
		7853FD892C3EC9E100956529 /* Launch */ = {
			isa = PBXGroup;
			children = (
				7853FD8D2C3ECA0E00956529 /* Launch Screen.storyboard */,
			);
			path = Launch;
			sourceTree = "<group>";
		};
		7853FD8A2C3EC9E500956529 /* Loading */ = {
			isa = PBXGroup;
			children = (
				7853FD8F2C3ECA4700956529 /* LoadingView.swift */,
			);
			path = Loading;
			sourceTree = "<group>";
		};
		7853FD8B2C3EC9EA00956529 /* U */ = {
			isa = PBXGroup;
			children = (
				7853FD952C3ECA5700956529 /* U1.swift */,
				7853FD972C3ECA5D00956529 /* Reviews.swift */,
				7853FD992C3ECA6600956529 /* Not.swift */,
			);
			path = U;
			sourceTree = "<group>";
		};
		7853FD8C2C3EC9EE00956529 /* R */ = {
			isa = PBXGroup;
			children = (
				7853FD912C3ECA4D00956529 /* R1.swift */,
				7853FD932C3ECA5200956529 /* R2.swift */,
			);
			path = R;
			sourceTree = "<group>";
		};
		7853FDA32C3ECE4600956529 /* Entries */ = {
			isa = PBXGroup;
			children = (
				7853FDA62C3ECE6600956529 /* EntryView.swift */,
			);
			path = Entries;
			sourceTree = "<group>";
		};
		7853FDA42C3ECE4D00956529 /* Collections */ = {
			isa = PBXGroup;
			children = (
				7853FDEA2C403C9C00956529 /* CollDetail */,
				7853FDB32C3ED31E00956529 /* AddCollection */,
				7853FDAA2C3ECE7600956529 /* CollectionsView.swift */,
				7853FDAC2C3ECE7F00956529 /* CollectionsViewModel.swift */,
			);
			path = Collections;
			sourceTree = "<group>";
		};
		7853FDA52C3ECE5800956529 /* Settings */ = {
			isa = PBXGroup;
			children = (
				7853FDAE2C3ECE8800956529 /* SettingsView.swift */,
			);
			path = Settings;
			sourceTree = "<group>";
		};
		7853FDB32C3ED31E00956529 /* AddCollection */ = {
			isa = PBXGroup;
			children = (
				7853FDB42C3ED33400956529 /* AddCollection.swift */,
			);
			path = AddCollection;
			sourceTree = "<group>";
		};
		7853FDEA2C403C9C00956529 /* CollDetail */ = {
			isa = PBXGroup;
			children = (
				7853FDEB2C403CA600956529 /* CollDetail.swift */,
			);
			path = CollDetail;
			sourceTree = "<group>";
		};
/* End PBXGroup section */

/* Begin PBXNativeTarget section */
		7853FD712C3EC7D500956529 /* App641 */ = {
			isa = PBXNativeTarget;
			buildConfigurationList = 7853FD812C3EC7D600956529 /* Build configuration list for PBXNativeTarget "App641" */;
			buildPhases = (
				7853FD6E2C3EC7D500956529 /* Sources */,
				7853FD6F2C3EC7D500956529 /* Frameworks */,
				7853FD702C3EC7D500956529 /* Resources */,
			);
			buildRules = (
			);
			dependencies = (
			);
			name = App641;
			packageProductDependencies = (
				78B38E062C4967C200DD1121 /* YandexMobileMetrica */,
				78B38E082C4967C200DD1121 /* YandexMobileMetricaCrashes */,
				78B38E0B2C4967DA00DD1121 /* ApphudSDK */,
			);
			productName = App641;
			productReference = 7853FD722C3EC7D500956529 /* App641.app */;
			productType = "com.apple.product-type.application";
		};
/* End PBXNativeTarget section */

/* Begin PBXProject section */
		7853FD6A2C3EC7D500956529 /* Project object */ = {
			isa = PBXProject;
			attributes = {
				BuildIndependentTargetsInParallel = 1;
				LastSwiftUpdateCheck = 1540;
				LastUpgradeCheck = 1540;
				TargetAttributes = {
					7853FD712C3EC7D500956529 = {
						CreatedOnToolsVersion = 15.4;
					};
				};
			};
			buildConfigurationList = 7853FD6D2C3EC7D500956529 /* Build configuration list for PBXProject "App641" */;
			compatibilityVersion = "Xcode 14.0";
			developmentRegion = en;
			hasScannedForEncodings = 0;
			knownRegions = (
				en,
				Base,
			);
			mainGroup = 7853FD692C3EC7D500956529;
			packageReferences = (
				78B38E052C4967C200DD1121 /* XCRemoteSwiftPackageReference "metrica-sdk-ios" */,
				78B38E0A2C4967DA00DD1121 /* XCRemoteSwiftPackageReference "ApphudSDK" */,
			);
			productRefGroup = 7853FD732C3EC7D500956529 /* Products */;
			projectDirPath = "";
			projectRoot = "";
			targets = (
				7853FD712C3EC7D500956529 /* App641 */,
			);
		};
/* End PBXProject section */

/* Begin PBXResourcesBuildPhase section */
		7853FD702C3EC7D500956529 /* Resources */ = {
			isa = PBXResourcesBuildPhase;
			buildActionMask = 2147483647;
			files = (
				7853FD8E2C3ECA0E00956529 /* Launch Screen.storyboard in Resources */,
				7853FD7E2C3EC7D600956529 /* Preview Assets.xcassets in Resources */,
				7853FD7A2C3EC7D600956529 /* Assets.xcassets in Resources */,
			);
			runOnlyForDeploymentPostprocessing = 0;
		};
/* End PBXResourcesBuildPhase section */

/* Begin PBXSourcesBuildPhase section */
		7853FD6E2C3EC7D500956529 /* Sources */ = {
			isa = PBXSourcesBuildPhase;
			buildActionMask = 2147483647;
			files = (
				78B38E002C49672400DD1121 /* s1.swift in Sources */,
				7853FD9E2C3ECE2200956529 /* TabBar.swift in Sources */,
				7853FD782C3EC7D500956529 /* ContentView.swift in Sources */,
				7853FD762C3EC7D500956529 /* App641App.swift in Sources */,
				7853FD922C3ECA4D00956529 /* R1.swift in Sources */,
				7853FD942C3ECA5200956529 /* R2.swift in Sources */,
				7853FDA02C3ECE2900956529 /* CoreDataStack.swift in Sources */,
				78B38E022C49672C00DD1121 /* w1.swift in Sources */,
				7853FDAD2C3ECE7F00956529 /* CollectionsViewModel.swift in Sources */,
				7853FDA22C3ECE4100956529 /* Array.swift in Sources */,
				78B38E042C49673200DD1121 /* d1.swift in Sources */,
				7853FD902C3ECA4700956529 /* LoadingView.swift in Sources */,
				7853FDAF2C3ECE8800956529 /* SettingsView.swift in Sources */,
				7853FDAB2C3ECE7600956529 /* CollectionsView.swift in Sources */,
				7853FDB52C3ED33400956529 /* AddCollection.swift in Sources */,
				7853FD9A2C3ECA6600956529 /* Not.swift in Sources */,
				7853FDB22C3ECF3C00956529 /* CoreModel.xcdatamodeld in Sources */,
				7853FD962C3ECA5700956529 /* U1.swift in Sources */,
				7853FD982C3ECA5D00956529 /* Reviews.swift in Sources */,
				7853FDEC2C403CA600956529 /* CollDetail.swift in Sources */,
				7853FDA72C3ECE6600956529 /* EntryView.swift in Sources */,
			);
			runOnlyForDeploymentPostprocessing = 0;
		};
/* End PBXSourcesBuildPhase section */

/* Begin XCBuildConfiguration section */
		7853FD7F2C3EC7D600956529 /* Debug */ = {
			isa = XCBuildConfiguration;
			buildSettings = {
				ALWAYS_SEARCH_USER_PATHS = NO;
				ASSETCATALOG_COMPILER_GENERATE_SWIFT_ASSET_SYMBOL_EXTENSIONS = YES;
				CLANG_ANALYZER_NONNULL = YES;
				CLANG_ANALYZER_NUMBER_OBJECT_CONVERSION = YES_AGGRESSIVE;
				CLANG_CXX_LANGUAGE_STANDARD = "gnu++20";
				CLANG_ENABLE_MODULES = YES;
				CLANG_ENABLE_OBJC_ARC = YES;
				CLANG_ENABLE_OBJC_WEAK = YES;
				CLANG_WARN_BLOCK_CAPTURE_AUTORELEASING = YES;
				CLANG_WARN_BOOL_CONVERSION = YES;
				CLANG_WARN_COMMA = YES;
				CLANG_WARN_CONSTANT_CONVERSION = YES;
				CLANG_WARN_DEPRECATED_OBJC_IMPLEMENTATIONS = YES;
				CLANG_WARN_DIRECT_OBJC_ISA_USAGE = YES_ERROR;
				CLANG_WARN_DOCUMENTATION_COMMENTS = YES;
				CLANG_WARN_EMPTY_BODY = YES;
				CLANG_WARN_ENUM_CONVERSION = YES;
				CLANG_WARN_INFINITE_RECURSION = YES;
				CLANG_WARN_INT_CONVERSION = YES;
				CLANG_WARN_NON_LITERAL_NULL_CONVERSION = YES;
				CLANG_WARN_OBJC_IMPLICIT_RETAIN_SELF = YES;
				CLANG_WARN_OBJC_LITERAL_CONVERSION = YES;
				CLANG_WARN_OBJC_ROOT_CLASS = YES_ERROR;
				CLANG_WARN_QUOTED_INCLUDE_IN_FRAMEWORK_HEADER = YES;
				CLANG_WARN_RANGE_LOOP_ANALYSIS = YES;
				CLANG_WARN_STRICT_PROTOTYPES = YES;
				CLANG_WARN_SUSPICIOUS_MOVE = YES;
				CLANG_WARN_UNGUARDED_AVAILABILITY = YES_AGGRESSIVE;
				CLANG_WARN_UNREACHABLE_CODE = YES;
				CLANG_WARN__DUPLICATE_METHOD_MATCH = YES;
				COPY_PHASE_STRIP = NO;
				DEBUG_INFORMATION_FORMAT = dwarf;
				ENABLE_STRICT_OBJC_MSGSEND = YES;
				ENABLE_TESTABILITY = YES;
				ENABLE_USER_SCRIPT_SANDBOXING = YES;
				GCC_C_LANGUAGE_STANDARD = gnu17;
				GCC_DYNAMIC_NO_PIC = NO;
				GCC_NO_COMMON_BLOCKS = YES;
				GCC_OPTIMIZATION_LEVEL = 0;
				GCC_PREPROCESSOR_DEFINITIONS = (
					"DEBUG=1",
					"$(inherited)",
				);
				GCC_WARN_64_TO_32_BIT_CONVERSION = YES;
				GCC_WARN_ABOUT_RETURN_TYPE = YES_ERROR;
				GCC_WARN_UNDECLARED_SELECTOR = YES;
				GCC_WARN_UNINITIALIZED_AUTOS = YES_AGGRESSIVE;
				GCC_WARN_UNUSED_FUNCTION = YES;
				GCC_WARN_UNUSED_VARIABLE = YES;
				LOCALIZATION_PREFERS_STRING_CATALOGS = YES;
				MTL_ENABLE_DEBUG_INFO = INCLUDE_SOURCE;
				MTL_FAST_MATH = YES;
				ONLY_ACTIVE_ARCH = YES;
				SWIFT_ACTIVE_COMPILATION_CONDITIONS = "DEBUG $(inherited)";
				SWIFT_OPTIMIZATION_LEVEL = "-Onone";
			};
			name = Debug;
		};
		7853FD802C3EC7D600956529 /* Release */ = {
			isa = XCBuildConfiguration;
			buildSettings = {
				ALWAYS_SEARCH_USER_PATHS = NO;
				ASSETCATALOG_COMPILER_GENERATE_SWIFT_ASSET_SYMBOL_EXTENSIONS = YES;
				CLANG_ANALYZER_NONNULL = YES;
				CLANG_ANALYZER_NUMBER_OBJECT_CONVERSION = YES_AGGRESSIVE;
				CLANG_CXX_LANGUAGE_STANDARD = "gnu++20";
				CLANG_ENABLE_MODULES = YES;
				CLANG_ENABLE_OBJC_ARC = YES;
				CLANG_ENABLE_OBJC_WEAK = YES;
				CLANG_WARN_BLOCK_CAPTURE_AUTORELEASING = YES;
				CLANG_WARN_BOOL_CONVERSION = YES;
				CLANG_WARN_COMMA = YES;
				CLANG_WARN_CONSTANT_CONVERSION = YES;
				CLANG_WARN_DEPRECATED_OBJC_IMPLEMENTATIONS = YES;
				CLANG_WARN_DIRECT_OBJC_ISA_USAGE = YES_ERROR;
				CLANG_WARN_DOCUMENTATION_COMMENTS = YES;
				CLANG_WARN_EMPTY_BODY = YES;
				CLANG_WARN_ENUM_CONVERSION = YES;
				CLANG_WARN_INFINITE_RECURSION = YES;
				CLANG_WARN_INT_CONVERSION = YES;
				CLANG_WARN_NON_LITERAL_NULL_CONVERSION = YES;
				CLANG_WARN_OBJC_IMPLICIT_RETAIN_SELF = YES;
				CLANG_WARN_OBJC_LITERAL_CONVERSION = YES;
				CLANG_WARN_OBJC_ROOT_CLASS = YES_ERROR;
				CLANG_WARN_QUOTED_INCLUDE_IN_FRAMEWORK_HEADER = YES;
				CLANG_WARN_RANGE_LOOP_ANALYSIS = YES;
				CLANG_WARN_STRICT_PROTOTYPES = YES;
				CLANG_WARN_SUSPICIOUS_MOVE = YES;
				CLANG_WARN_UNGUARDED_AVAILABILITY = YES_AGGRESSIVE;
				CLANG_WARN_UNREACHABLE_CODE = YES;
				CLANG_WARN__DUPLICATE_METHOD_MATCH = YES;
				COPY_PHASE_STRIP = NO;
				DEBUG_INFORMATION_FORMAT = "dwarf-with-dsym";
				ENABLE_NS_ASSERTIONS = NO;
				ENABLE_STRICT_OBJC_MSGSEND = YES;
				ENABLE_USER_SCRIPT_SANDBOXING = YES;
				GCC_C_LANGUAGE_STANDARD = gnu17;
				GCC_NO_COMMON_BLOCKS = YES;
				GCC_WARN_64_TO_32_BIT_CONVERSION = YES;
				GCC_WARN_ABOUT_RETURN_TYPE = YES_ERROR;
				GCC_WARN_UNDECLARED_SELECTOR = YES;
				GCC_WARN_UNINITIALIZED_AUTOS = YES_AGGRESSIVE;
				GCC_WARN_UNUSED_FUNCTION = YES;
				GCC_WARN_UNUSED_VARIABLE = YES;
				LOCALIZATION_PREFERS_STRING_CATALOGS = YES;
				MTL_ENABLE_DEBUG_INFO = NO;
				MTL_FAST_MATH = YES;
				SWIFT_COMPILATION_MODE = wholemodule;
			};
			name = Release;
		};
		7853FD822C3EC7D600956529 /* Debug */ = {
			isa = XCBuildConfiguration;
			buildSettings = {
				ASSETCATALOG_COMPILER_APPICON_NAME = AppIcon;
				ASSETCATALOG_COMPILER_GLOBAL_ACCENT_COLOR_NAME = AccentColor;
				CODE_SIGN_ENTITLEMENTS = App641/App641.entitlements;
				CODE_SIGN_STYLE = Automatic;
				CURRENT_PROJECT_VERSION = 1;
				DEVELOPMENT_ASSET_PATHS = "\"App641/Preview Content\"";
				ENABLE_PREVIEWS = YES;
				GENERATE_INFOPLIST_FILE = YES;
				INFOPLIST_KEY_CFBundleDisplayName = "Stake - your games";
				"INFOPLIST_KEY_UIApplicationSceneManifest_Generation[sdk=iphoneos*]" = YES;
				"INFOPLIST_KEY_UIApplicationSceneManifest_Generation[sdk=iphonesimulator*]" = YES;
				"INFOPLIST_KEY_UIApplicationSupportsIndirectInputEvents[sdk=iphoneos*]" = YES;
				"INFOPLIST_KEY_UIApplicationSupportsIndirectInputEvents[sdk=iphonesimulator*]" = YES;
				"INFOPLIST_KEY_UILaunchScreen_Generation[sdk=iphoneos*]" = YES;
				"INFOPLIST_KEY_UILaunchScreen_Generation[sdk=iphonesimulator*]" = YES;
				INFOPLIST_KEY_UILaunchStoryboardName = "Launch Screen.storyboard";
				"INFOPLIST_KEY_UIStatusBarStyle[sdk=iphoneos*]" = UIStatusBarStyleDefault;
				"INFOPLIST_KEY_UIStatusBarStyle[sdk=iphonesimulator*]" = UIStatusBarStyleDefault;
				INFOPLIST_KEY_UISupportedInterfaceOrientations = UIInterfaceOrientationPortrait;
				INFOPLIST_KEY_UISupportedInterfaceOrientations_iPad = "UIInterfaceOrientationLandscapeLeft UIInterfaceOrientationLandscapeRight UIInterfaceOrientationPortrait UIInterfaceOrientationPortraitUpsideDown";
				IPHONEOS_DEPLOYMENT_TARGET = 14.0;
				LD_RUNPATH_SEARCH_PATHS = "@executable_path/Frameworks";
				"LD_RUNPATH_SEARCH_PATHS[sdk=macosx*]" = "@executable_path/../Frameworks";
				MACOSX_DEPLOYMENT_TARGET = 14.1;
				MARKETING_VERSION = 1.1;
				PRODUCT_BUNDLE_IDENTIFIER = IOI.App641;
				PRODUCT_NAME = "$(TARGET_NAME)";
				SDKROOT = auto;
				SUPPORTED_PLATFORMS = "iphoneos iphonesimulator";
				SUPPORTS_MACCATALYST = NO;
				SWIFT_EMIT_LOC_STRINGS = YES;
				SWIFT_VERSION = 5.0;
				TARGETED_DEVICE_FAMILY = 1;
			};
			name = Debug;
		};
		7853FD832C3EC7D600956529 /* Release */ = {
			isa = XCBuildConfiguration;
			buildSettings = {
				ASSETCATALOG_COMPILER_APPICON_NAME = AppIcon;
				ASSETCATALOG_COMPILER_GLOBAL_ACCENT_COLOR_NAME = AccentColor;
				CODE_SIGN_ENTITLEMENTS = App641/App641.entitlements;
				CODE_SIGN_STYLE = Automatic;
				CURRENT_PROJECT_VERSION = 1;
				DEVELOPMENT_ASSET_PATHS = "\"App641/Preview Content\"";
				ENABLE_PREVIEWS = YES;
				GENERATE_INFOPLIST_FILE = YES;
				INFOPLIST_KEY_CFBundleDisplayName = "Stake - your games";
				"INFOPLIST_KEY_UIApplicationSceneManifest_Generation[sdk=iphoneos*]" = YES;
				"INFOPLIST_KEY_UIApplicationSceneManifest_Generation[sdk=iphonesimulator*]" = YES;
				"INFOPLIST_KEY_UIApplicationSupportsIndirectInputEvents[sdk=iphoneos*]" = YES;
				"INFOPLIST_KEY_UIApplicationSupportsIndirectInputEvents[sdk=iphonesimulator*]" = YES;
				"INFOPLIST_KEY_UILaunchScreen_Generation[sdk=iphoneos*]" = YES;
				"INFOPLIST_KEY_UILaunchScreen_Generation[sdk=iphonesimulator*]" = YES;
				INFOPLIST_KEY_UILaunchStoryboardName = "Launch Screen.storyboard";
				"INFOPLIST_KEY_UIStatusBarStyle[sdk=iphoneos*]" = UIStatusBarStyleDefault;
				"INFOPLIST_KEY_UIStatusBarStyle[sdk=iphonesimulator*]" = UIStatusBarStyleDefault;
				INFOPLIST_KEY_UISupportedInterfaceOrientations = UIInterfaceOrientationPortrait;
				INFOPLIST_KEY_UISupportedInterfaceOrientations_iPad = "UIInterfaceOrientationLandscapeLeft UIInterfaceOrientationLandscapeRight UIInterfaceOrientationPortrait UIInterfaceOrientationPortraitUpsideDown";
				IPHONEOS_DEPLOYMENT_TARGET = 14.0;
				LD_RUNPATH_SEARCH_PATHS = "@executable_path/Frameworks";
				"LD_RUNPATH_SEARCH_PATHS[sdk=macosx*]" = "@executable_path/../Frameworks";
				MACOSX_DEPLOYMENT_TARGET = 14.1;
				MARKETING_VERSION = 1.1;
				PRODUCT_BUNDLE_IDENTIFIER = IOI.App641;
				PRODUCT_NAME = "$(TARGET_NAME)";
				SDKROOT = auto;
				SUPPORTED_PLATFORMS = "iphoneos iphonesimulator";
				SUPPORTS_MACCATALYST = NO;
				SWIFT_EMIT_LOC_STRINGS = YES;
				SWIFT_VERSION = 5.0;
				TARGETED_DEVICE_FAMILY = 1;
			};
			name = Release;
		};
/* End XCBuildConfiguration section */

/* Begin XCConfigurationList section */
		7853FD6D2C3EC7D500956529 /* Build configuration list for PBXProject "App641" */ = {
			isa = XCConfigurationList;
			buildConfigurations = (
				7853FD7F2C3EC7D600956529 /* Debug */,
				7853FD802C3EC7D600956529 /* Release */,
			);
			defaultConfigurationIsVisible = 0;
			defaultConfigurationName = Release;
		};
		7853FD812C3EC7D600956529 /* Build configuration list for PBXNativeTarget "App641" */ = {
			isa = XCConfigurationList;
			buildConfigurations = (
				7853FD822C3EC7D600956529 /* Debug */,
				7853FD832C3EC7D600956529 /* Release */,
			);
			defaultConfigurationIsVisible = 0;
			defaultConfigurationName = Release;
		};
/* End XCConfigurationList section */

/* Begin XCRemoteSwiftPackageReference section */
		78B38E052C4967C200DD1121 /* XCRemoteSwiftPackageReference "metrica-sdk-ios" */ = {
			isa = XCRemoteSwiftPackageReference;
			repositoryURL = "https://github.com/yandexmobile/metrica-sdk-ios.git";
			requirement = {
				kind = upToNextMajorVersion;
				minimumVersion = 4.5.2;
			};
		};
		78B38E0A2C4967DA00DD1121 /* XCRemoteSwiftPackageReference "ApphudSDK" */ = {
			isa = XCRemoteSwiftPackageReference;
			repositoryURL = "https://github.com/apphud/ApphudSDK.git";
			requirement = {
				kind = upToNextMajorVersion;
				minimumVersion = 3.4.0;
			};
		};
/* End XCRemoteSwiftPackageReference section */

/* Begin XCSwiftPackageProductDependency section */
		78B38E062C4967C200DD1121 /* YandexMobileMetrica */ = {
			isa = XCSwiftPackageProductDependency;
			package = 78B38E052C4967C200DD1121 /* XCRemoteSwiftPackageReference "metrica-sdk-ios" */;
			productName = YandexMobileMetrica;
		};
		78B38E082C4967C200DD1121 /* YandexMobileMetricaCrashes */ = {
			isa = XCSwiftPackageProductDependency;
			package = 78B38E052C4967C200DD1121 /* XCRemoteSwiftPackageReference "metrica-sdk-ios" */;
			productName = YandexMobileMetricaCrashes;
		};
		78B38E0B2C4967DA00DD1121 /* ApphudSDK */ = {
			isa = XCSwiftPackageProductDependency;
			package = 78B38E0A2C4967DA00DD1121 /* XCRemoteSwiftPackageReference "ApphudSDK" */;
			productName = ApphudSDK;
		};
/* End XCSwiftPackageProductDependency section */

/* Begin XCVersionGroup section */
		7853FDB02C3ECF3C00956529 /* CoreModel.xcdatamodeld */ = {
			isa = XCVersionGroup;
			children = (
				7853FDB12C3ECF3C00956529 /* CoreModel.xcdatamodel */,
			);
			currentVersion = 7853FDB12C3ECF3C00956529 /* CoreModel.xcdatamodel */;
			name = CoreModel.xcdatamodeld;
			path = /Users/igor/Documents/Applications/App641/App641/AllFiles/Extensions/CoreModel.xcdatamodeld;
			sourceTree = "<group>";
			versionGroupType = wrapper.xcdatamodel;
		};
/* End XCVersionGroup section */
	};
	rootObject = 7853FD6A2C3EC7D500956529 /* Project object */;
}
